<?xml version="1.0" encoding="utf-8"?>
<Project ToolsVersion="14.0" xmlns="http://schemas.microsoft.com/developer/msbuild/2003">
  <ItemGroup>
    <Filter Include="Common">
      <UniqueIdentifier>bd594c5e-6d5e-4fbc-809b-d32250172ac9</UniqueIdentifier>
    </Filter>
    <Filter Include="Assets">
      <UniqueIdentifier>aa198d77-2e6f-4cb1-ba50-78b223cdae66</UniqueIdentifier>
      <Extensions>bmp;fbx;gif;jpg;jpeg;tga;tiff;tif;png</Extensions>
    </Filter>
    <Filter Include="Headers">
      <UniqueIdentifier>{2cf64f94-73f1-4815-8f2b-458d6e4b369e}</UniqueIdentifier>
      <Extensions>
      </Extensions>
    </Filter>
    <Filter Include="Source">
      <UniqueIdentifier>{5f80606f-d377-4a66-bba7-819b722166a8}</UniqueIdentifier>
    </Filter>
    <Filter Include="Source\frontend">
      <UniqueIdentifier>{5f29d083-29f6-4713-b672-9d33c4dce557}</UniqueIdentifier>
    </Filter>
    <Filter Include="Source\frontend\drivers">
      <UniqueIdentifier>{b651b962-126d-4412-b497-6f2d1b940620}</UniqueIdentifier>
    </Filter>
  </ItemGroup>
  <ItemGroup>
    <ApplicationDefinition Include="App.xaml" />
  </ItemGroup>
  <ItemGroup>
    <ClCompile Include="App.xaml.cpp" />
    <ClCompile Include="MainPage.xaml.cpp" />
    <ClCompile Include="..\..\..\frontend\frontend.c">
      <Filter>Source\frontend</Filter>
    </ClCompile>
    <ClCompile Include="..\..\..\frontend\frontend_driver.c">
      <Filter>Source\frontend</Filter>
    </ClCompile>
    <ClCompile Include="..\..\..\frontend\drivers\platform_null.c">
      <Filter>Source\frontend\drivers</Filter>
    </ClCompile>
  </ItemGroup>
  <ItemGroup>
    <ClInclude Include="pch.h" />
    <ClInclude Include="App.xaml.h" />
    <ClInclude Include="MainPage.xaml.h" />
    <ClInclude Include="..\..\..\menu\menu_entries.h">
      <Filter>Headers</Filter>
    </ClInclude>
    <ClInclude Include="..\..\..\menu\menu_entry.h">
      <Filter>Headers</Filter>
    </ClInclude>
    <ClInclude Include="..\..\..\menu\menu_hash.h">
      <Filter>Headers</Filter>
    </ClInclude>
    <ClInclude Include="..\..\..\menu\menu_input.h">
      <Filter>Headers</Filter>
    </ClInclude>
    <ClInclude Include="..\..\..\menu\menu_navigation.h">
      <Filter>Headers</Filter>
    </ClInclude>
    <ClInclude Include="..\..\..\menu\menu_setting.h">
      <Filter>Headers</Filter>
    </ClInclude>
    <ClInclude Include="..\..\..\menu\menu_shader.h">
      <Filter>Headers</Filter>
    </ClInclude>
    <ClInclude Include="..\..\..\menu\drivers\menu_generic.h">
      <Filter>Headers</Filter>
    </ClInclude>
    <ClInclude Include="..\..\..\record\record_driver.h">
      <Filter>Headers</Filter>
    </ClInclude>
    <ClInclude Include="..\..\..\tasks\tasks.h">
      <Filter>Headers</Filter>
    </ClInclude>
    <ClInclude Include="..\..\..\ui\ui_companion_driver.h">
      <Filter>Headers</Filter>
    </ClInclude>
    <ClInclude Include="..\..\..\ui\drivers\cocoa\cocoa_common.h">
      <Filter>Headers</Filter>
    </ClInclude>
    <ClInclude Include="..\..\..\vita\stockfont.h">
      <Filter>Headers</Filter>
    </ClInclude>
    <ClInclude Include="..\..\..\wii\app_booter\elf_abi.h">
      <Filter>Headers</Filter>
    </ClInclude>
    <ClInclude Include="..\..\..\autosave.h">
      <Filter>Headers</Filter>
    </ClInclude>
    <ClInclude Include="..\..\..\cheats.h">
      <Filter>Headers</Filter>
    </ClInclude>
    <ClInclude Include="..\..\..\cheevos.h">
      <Filter>Headers</Filter>
    </ClInclude>
    <ClInclude Include="..\..\..\command.h">
      <Filter>Headers</Filter>
    </ClInclude>
    <ClInclude Include="..\..\..\command_event.h">
      <Filter>Headers</Filter>
    </ClInclude>
    <ClInclude Include="..\..\..\config.def.h">
      <Filter>Headers</Filter>
    </ClInclude>
    <ClInclude Include="..\..\..\config.features.h">
      <Filter>Headers</Filter>
    </ClInclude>
    <ClInclude Include="..\..\..\configuration.h">
      <Filter>Headers</Filter>
    </ClInclude>
    <ClInclude Include="..\..\..\content.h">
      <Filter>Headers</Filter>
    </ClInclude>
    <ClInclude Include="..\..\..\core_info.h">
      <Filter>Headers</Filter>
    </ClInclude>
    <ClInclude Include="..\..\..\core_options.h">
      <Filter>Headers</Filter>
    </ClInclude>
    <ClInclude Include="..\..\..\database_info.h">
      <Filter>Headers</Filter>
    </ClInclude>
    <ClInclude Include="..\..\..\dir_list_special.h">
      <Filter>Headers</Filter>
    </ClInclude>
    <ClInclude Include="..\..\..\driver.h">
      <Filter>Headers</Filter>
    </ClInclude>
    <ClInclude Include="..\..\..\dynamic.h">
      <Filter>Headers</Filter>
    </ClInclude>
    <ClInclude Include="..\..\..\file_ext.h">
      <Filter>Headers</Filter>
    </ClInclude>
    <ClInclude Include="..\..\..\file_ops.h">
      <Filter>Headers</Filter>
    </ClInclude>
    <ClInclude Include="..\..\..\general.h">
      <Filter>Headers</Filter>
    </ClInclude>
    <ClInclude Include="..\..\..\git_version.h">
      <Filter>Headers</Filter>
    </ClInclude>
    <ClInclude Include="..\..\..\libretro.h">
      <Filter>Headers</Filter>
    </ClInclude>
    <ClInclude Include="..\..\..\libretro_private.h">
      <Filter>Headers</Filter>
    </ClInclude>
    <ClInclude Include="..\..\..\libretro_version_1.h">
      <Filter>Headers</Filter>
    </ClInclude>
    <ClInclude Include="..\..\..\movie.h">
      <Filter>Headers</Filter>
    </ClInclude>
    <ClInclude Include="..\..\..\msg_hash.h">
      <Filter>Headers</Filter>
    </ClInclude>
    <ClInclude Include="..\..\..\net_http_special.h">
      <Filter>Headers</Filter>
    </ClInclude>
    <ClInclude Include="..\..\..\netplay.h">
      <Filter>Headers</Filter>
    </ClInclude>
    <ClInclude Include="..\..\..\patch.h">
      <Filter>Headers</Filter>
    </ClInclude>
    <ClInclude Include="..\..\..\performance.h">
      <Filter>Headers</Filter>
    </ClInclude>
    <ClInclude Include="..\..\..\playlist.h">
      <Filter>Headers</Filter>
    </ClInclude>
    <ClInclude Include="..\..\..\retroarch.h">
      <Filter>Headers</Filter>
    </ClInclude>
    <ClInclude Include="..\..\..\rewind.h">
      <Filter>Headers</Filter>
    </ClInclude>
    <ClInclude Include="..\..\..\runloop.h">
      <Filter>Headers</Filter>
    </ClInclude>
    <ClInclude Include="..\..\..\runloop_data.h">
      <Filter>Headers</Filter>
    </ClInclude>
    <ClInclude Include="..\..\..\screenshot.h">
      <Filter>Headers</Filter>
    </ClInclude>
    <ClInclude Include="..\..\..\string_list_special.h">
      <Filter>Headers</Filter>
    </ClInclude>
    <ClInclude Include="..\..\..\system.h">
      <Filter>Headers</Filter>
    </ClInclude>
    <ClInclude Include="..\..\..\audio\audio_driver.h">
      <Filter>Headers</Filter>
    </ClInclude>
    <ClInclude Include="..\..\..\audio\audio_dsp_filter.h">
      <Filter>Headers</Filter>
    </ClInclude>
    <ClInclude Include="..\..\..\audio\audio_monitor.h">
      <Filter>Headers</Filter>
    </ClInclude>
    <ClInclude Include="..\..\..\audio\audio_resampler_driver.h">
      <Filter>Headers</Filter>
    </ClInclude>
    <ClInclude Include="..\..\..\audio\audio_thread_wrapper.h">
      <Filter>Headers</Filter>
    </ClInclude>
    <ClInclude Include="..\..\..\audio\audio_utils.h">
      <Filter>Headers</Filter>
    </ClInclude>
    <ClInclude Include="..\..\..\audio\audio_filters\dspfilter.h">
      <Filter>Headers</Filter>
    </ClInclude>
    <ClInclude Include="..\..\..\audio\audio_filters\fft\fft.h">
      <Filter>Headers</Filter>
    </ClInclude>
    <ClInclude Include="..\..\..\audio\drivers\rsound.h">
      <Filter>Headers</Filter>
    </ClInclude>
    <ClInclude Include="..\..\..\audio\drivers\xaudio.h">
      <Filter>Headers</Filter>
    </ClInclude>
    <ClInclude Include="..\..\..\bootstrap\psp1\kernel_functions_prx\kernel_functions.h">
      <Filter>Headers</Filter>
    </ClInclude>
    <ClInclude Include="..\..\..\camera\camera_driver.h">
      <Filter>Headers</Filter>
    </ClInclude>
    <ClInclude Include="..\..\..\cores\internal_cores.h">
      <Filter>Headers</Filter>
    </ClInclude>
    <ClInclude Include="..\..\..\cores\libretro-ffmpeg\internal_cores.h">
      <Filter>Headers</Filter>
    </ClInclude>
    <ClInclude Include="..\..\..\cores\libretro-ffmpeg\libretro.h">
      <Filter>Headers</Filter>
    </ClInclude>
    <ClInclude Include="..\..\..\ctr\ctr_debug.h">
      <Filter>Headers</Filter>
    </ClInclude>
    <ClInclude Include="..\..\..\defines\gx_defines.h">
      <Filter>Headers</Filter>
    </ClInclude>
    <ClInclude Include="..\..\..\defines\ps3_defines.h">
      <Filter>Headers</Filter>
    </ClInclude>
    <ClInclude Include="..\..\..\defines\psp_defines.h">
      <Filter>Headers</Filter>
    </ClInclude>
    <ClInclude Include="..\..\..\deps\7zip\7z.h">
      <Filter>Headers</Filter>
    </ClInclude>
    <ClInclude Include="..\..\..\deps\7zip\7zAlloc.h">
      <Filter>Headers</Filter>
    </ClInclude>
    <ClInclude Include="..\..\..\deps\7zip\7zBuf.h">
      <Filter>Headers</Filter>
    </ClInclude>
    <ClInclude Include="..\..\..\deps\7zip\7zCrc.h">
      <Filter>Headers</Filter>
    </ClInclude>
    <ClInclude Include="..\..\..\deps\7zip\7zFile.h">
      <Filter>Headers</Filter>
    </ClInclude>
    <ClInclude Include="..\..\..\deps\7zip\7zVersion.h">
      <Filter>Headers</Filter>
    </ClInclude>
    <ClInclude Include="..\..\..\deps\7zip\Bcj2.h">
      <Filter>Headers</Filter>
    </ClInclude>
    <ClInclude Include="..\..\..\deps\7zip\Bra.h">
      <Filter>Headers</Filter>
    </ClInclude>
    <ClInclude Include="..\..\..\deps\7zip\CpuArch.h">
      <Filter>Headers</Filter>
    </ClInclude>
    <ClInclude Include="..\..\..\deps\7zip\Lzma2Dec.h">
      <Filter>Headers</Filter>
    </ClInclude>
    <ClInclude Include="..\..\..\deps\7zip\LzmaDec.h">
      <Filter>Headers</Filter>
    </ClInclude>
    <ClInclude Include="..\..\..\deps\7zip\RotateDefs.h">
      <Filter>Headers</Filter>
    </ClInclude>
    <ClInclude Include="..\..\..\deps\7zip\Types.h">
      <Filter>Headers</Filter>
    </ClInclude>
    <ClInclude Include="..\..\..\deps\stb\stb_image.h">
      <Filter>Headers</Filter>
    </ClInclude>
    <ClInclude Include="..\..\..\deps\stb\stb_rect_pack.h">
      <Filter>Headers</Filter>
    </ClInclude>
    <ClInclude Include="..\..\..\deps\stb\stb_truetype.h">
      <Filter>Headers</Filter>
    </ClInclude>
    <ClInclude Include="..\..\..\deps\zlib\deflate.h">
      <Filter>Headers</Filter>
    </ClInclude>
    <ClInclude Include="..\..\..\deps\zlib\gzfile.h">
      <Filter>Headers</Filter>
    </ClInclude>
    <ClInclude Include="..\..\..\deps\zlib\gzguts.h">
      <Filter>Headers</Filter>
    </ClInclude>
    <ClInclude Include="..\..\..\deps\zlib\inffast.h">
      <Filter>Headers</Filter>
    </ClInclude>
    <ClInclude Include="..\..\..\deps\zlib\inffixed.h">
      <Filter>Headers</Filter>
    </ClInclude>
    <ClInclude Include="..\..\..\deps\zlib\inflate.h">
      <Filter>Headers</Filter>
    </ClInclude>
    <ClInclude Include="..\..\..\deps\zlib\inftrees.h">
      <Filter>Headers</Filter>
    </ClInclude>
    <ClInclude Include="..\..\..\deps\zlib\ioapi.h">
      <Filter>Headers</Filter>
    </ClInclude>
    <ClInclude Include="..\..\..\deps\zlib\trees.h">
      <Filter>Headers</Filter>
    </ClInclude>
    <ClInclude Include="..\..\..\deps\zlib\unzip.h">
      <Filter>Headers</Filter>
    </ClInclude>
    <ClInclude Include="..\..\..\deps\zlib\zconf.h">
      <Filter>Headers</Filter>
    </ClInclude>
    <ClInclude Include="..\..\..\frontend\frontend.h">
      <Filter>Headers</Filter>
    </ClInclude>
    <ClInclude Include="..\..\..\frontend\frontend_driver.h">
      <Filter>Headers</Filter>
    </ClInclude>
    <ClInclude Include="..\..\..\frontend\drivers\platform_linux.h">
      <Filter>Headers</Filter>
    </ClInclude>
    <ClInclude Include="..\..\..\frontend\drivers\platform_xdk.h">
      <Filter>Headers</Filter>
    </ClInclude>
    <ClInclude Include="..\..\..\gfx\font_driver.h">
      <Filter>Headers</Filter>
    </ClInclude>
    <ClInclude Include="..\..\..\gfx\font_renderer_driver.h">
      <Filter>Headers</Filter>
    </ClInclude>
    <ClInclude Include="..\..\..\gfx\video_common.h">
      <Filter>Headers</Filter>
    </ClInclude>
    <ClInclude Include="..\..\..\gfx\video_context_driver.h">
      <Filter>Headers</Filter>
    </ClInclude>
    <ClInclude Include="..\..\..\gfx\video_driver.h">
      <Filter>Headers</Filter>
    </ClInclude>
    <ClInclude Include="..\..\..\gfx\video_filter.h">
      <Filter>Headers</Filter>
    </ClInclude>
    <ClInclude Include="..\..\..\gfx\video_monitor.h">
      <Filter>Headers</Filter>
    </ClInclude>
    <ClInclude Include="..\..\..\gfx\video_pixel_converter.h">
      <Filter>Headers</Filter>
    </ClInclude>
    <ClInclude Include="..\..\..\gfx\video_shader_driver.h">
      <Filter>Headers</Filter>
    </ClInclude>
    <ClInclude Include="..\..\..\gfx\video_shader_parse.h">
      <Filter>Headers</Filter>
    </ClInclude>
    <ClInclude Include="..\..\..\gfx\video_state_python.h">
      <Filter>Headers</Filter>
    </ClInclude>
    <ClInclude Include="..\..\..\gfx\video_state_tracker.h">
      <Filter>Headers</Filter>
    </ClInclude>
    <ClInclude Include="..\..\..\gfx\video_texture.h">
      <Filter>Headers</Filter>
    </ClInclude>
    <ClInclude Include="..\..\..\gfx\video_thread_wrapper.h">
      <Filter>Headers</Filter>
    </ClInclude>
    <ClInclude Include="..\..\..\gfx\video_viewport.h">
      <Filter>Headers</Filter>
    </ClInclude>
    <ClInclude Include="..\..\..\gfx\common\win32_common.h">
      <Filter>Headers</Filter>
    </ClInclude>
    <ClInclude Include="..\..\..\gfx\common\x11_common.h">
      <Filter>Headers</Filter>
    </ClInclude>
    <ClInclude Include="..\..\..\gfx\d3d\d3d.h">
      <Filter>Headers</Filter>
    </ClInclude>
    <ClInclude Include="..\..\..\gfx\d3d\d3d_defines.h">
      <Filter>Headers</Filter>
    </ClInclude>
    <ClInclude Include="..\..\..\gfx\d3d\d3d_wrapper.h">
      <Filter>Headers</Filter>
    </ClInclude>
    <ClInclude Include="..\..\..\gfx\d3d\render_chain_driver.h">
      <Filter>Headers</Filter>
    </ClInclude>
    <ClInclude Include="..\..\..\gfx\drivers\ctr_gu.h">
      <Filter>Headers</Filter>
    </ClInclude>
    <ClInclude Include="..\..\..\gfx\drivers\gl_common.h">
      <Filter>Headers</Filter>
    </ClInclude>
    <ClInclude Include="..\..\..\gfx\drivers\gx_gfx_inl.h">
      <Filter>Headers</Filter>
    </ClInclude>
    <ClInclude Include="..\..\..\gfx\drivers\ppc_asm.h">
      <Filter>Headers</Filter>
    </ClInclude>
    <ClInclude Include="..\..\..\gfx\drivers\psp1_gfx.h">
      <Filter>Headers</Filter>
    </ClInclude>
    <ClInclude Include="..\..\..\gfx\drivers_font_renderer\bitmap.h">
      <Filter>Headers</Filter>
    </ClInclude>
    <ClInclude Include="..\..\..\gfx\drivers_shader\shader_glsl.h">
      <Filter>Headers</Filter>
    </ClInclude>
    <ClInclude Include="..\..\..\gfx\drivers_shader\shader_hlsl.h">
      <Filter>Headers</Filter>
    </ClInclude>
    <ClInclude Include="..\..\..\gfx\drivers_wm\win32_resource.h">
      <Filter>Headers</Filter>
    </ClInclude>
    <ClInclude Include="..\..\..\gfx\drivers_wm\win32_shader_dlg.h">
      <Filter>Headers</Filter>
    </ClInclude>
    <ClInclude Include="..\..\..\gfx\inc\Cg\cg.h">
      <Filter>Headers</Filter>
    </ClInclude>
    <ClInclude Include="..\..\..\gfx\inc\Cg\cgD3D9.h">
      <Filter>Headers</Filter>
    </ClInclude>
    <ClInclude Include="..\..\..\gfx\inc\Cg\cgGL.h">
      <Filter>Headers</Filter>
    </ClInclude>
    <ClInclude Include="..\..\..\gfx\pixman\pixman-arm-asm.h">
      <Filter>Headers</Filter>
    </ClInclude>
    <ClInclude Include="..\..\..\gfx\pixman\pixman-arm-neon-asm.h">
      <Filter>Headers</Filter>
    </ClInclude>
    <ClInclude Include="..\..\..\gfx\pixman\pixman-private.h">
      <Filter>Headers</Filter>
    </ClInclude>
    <ClInclude Include="..\..\..\gfx\video_filters\softfilter.h">
      <Filter>Headers</Filter>
    </ClInclude>
    <ClInclude Include="..\..\..\gfx\video_filters\snes_ntsc\snes_ntsc.h">
      <Filter>Headers</Filter>
    </ClInclude>
    <ClInclude Include="..\..\..\gfx\video_filters\snes_ntsc\snes_ntsc_config.h">
      <Filter>Headers</Filter>
    </ClInclude>
    <ClInclude Include="..\..\..\gfx\video_filters\snes_ntsc\snes_ntsc_impl.h">
      <Filter>Headers</Filter>
    </ClInclude>
    <ClInclude Include="..\..\..\input\input_autodetect.h">
      <Filter>Headers</Filter>
    </ClInclude>
    <ClInclude Include="..\..\..\input\input_common.h">
      <Filter>Headers</Filter>
    </ClInclude>
    <ClInclude Include="..\..\..\input\input_driver.h">
      <Filter>Headers</Filter>
    </ClInclude>
    <ClInclude Include="..\..\..\input\input_hid_driver.h">
      <Filter>Headers</Filter>
    </ClInclude>
    <ClInclude Include="..\..\..\input\input_joypad.h">
      <Filter>Headers</Filter>
    </ClInclude>
    <ClInclude Include="..\..\..\input\input_joypad_driver.h">
      <Filter>Headers</Filter>
    </ClInclude>
    <ClInclude Include="..\..\..\input\input_keymaps.h">
      <Filter>Headers</Filter>
    </ClInclude>
    <ClInclude Include="..\..\..\input\input_overlay.h">
      <Filter>Headers</Filter>
    </ClInclude>
    <ClInclude Include="..\..\..\input\input_remapping.h">
      <Filter>Headers</Filter>
    </ClInclude>
    <ClInclude Include="..\..\..\input\input_sensor.h">
      <Filter>Headers</Filter>
    </ClInclude>
    <ClInclude Include="..\..\..\input\keyboard_line.h">
      <Filter>Headers</Filter>
    </ClInclude>
    <ClInclude Include="..\..\..\input\autoconf\builtin.h">
      <Filter>Headers</Filter>
    </ClInclude>
    <ClInclude Include="..\..\..\input\connect\joypad_connection.h">
      <Filter>Headers</Filter>
    </ClInclude>
    <ClInclude Include="..\..\..\input\drivers\apple_keycode.h">
      <Filter>Headers</Filter>
    </ClInclude>
    <ClInclude Include="..\..\..\input\drivers\cocoa_input.h">
      <Filter>Headers</Filter>
    </ClInclude>
    <ClInclude Include="..\..\..\input\drivers\linux_common.h">
      <Filter>Headers</Filter>
    </ClInclude>
    <ClInclude Include="..\..\..\input\drivers_hid\btstack_hid.h">
      <Filter>Headers</Filter>
    </ClInclude>
    <ClInclude Include="..\..\..\input\drivers_hid\mfi_hid.h">
      <Filter>Headers</Filter>
    </ClInclude>
    <ClInclude Include="..\..\..\input\drivers_joypad\gx_sicksaxis.h">
      <Filter>Headers</Filter>
    </ClInclude>
    <ClInclude Include="..\..\..\input\inc\GameController\GameController.h">
      <Filter>Headers</Filter>
    </ClInclude>
    <ClInclude Include="..\..\..\input\inc\GameController\GCController.h">
      <Filter>Headers</Filter>
    </ClInclude>
    <ClInclude Include="..\..\..\input\inc\GameController\GCControllerAxisInput.h">
      <Filter>Headers</Filter>
    </ClInclude>
    <ClInclude Include="..\..\..\input\inc\GameController\GCControllerButtonInput.h">
      <Filter>Headers</Filter>
    </ClInclude>
    <ClInclude Include="..\..\..\input\inc\GameController\GCControllerDirectionPad.h">
      <Filter>Headers</Filter>
    </ClInclude>
    <ClInclude Include="..\..\..\input\inc\GameController\GCControllerElement.h">
      <Filter>Headers</Filter>
    </ClInclude>
    <ClInclude Include="..\..\..\input\inc\GameController\GCExtendedGamepad.h">
      <Filter>Headers</Filter>
    </ClInclude>
    <ClInclude Include="..\..\..\input\inc\GameController\GCExtendedGamepadSnapshot.h">
      <Filter>Headers</Filter>
    </ClInclude>
    <ClInclude Include="..\..\..\input\inc\GameController\GCGamepad.h">
      <Filter>Headers</Filter>
    </ClInclude>
    <ClInclude Include="..\..\..\input\inc\GameController\GCGamepadSnapshot.h">
      <Filter>Headers</Filter>
    </ClInclude>
    <ClInclude Include="..\..\..\intl\english.h">
      <Filter>Headers</Filter>
    </ClInclude>
    <ClInclude Include="..\..\..\intl\intl.h">
      <Filter>Headers</Filter>
    </ClInclude>
    <ClInclude Include="..\..\..\intl\spanish.h">
      <Filter>Headers</Filter>
    </ClInclude>
    <ClInclude Include="..\..\..\libretro-common\crt\include\string.h">
      <Filter>Headers</Filter>
    </ClInclude>
    <ClInclude Include="..\..\..\libretro-common\formats\png\rpng_internal.h">
      <Filter>Headers</Filter>
    </ClInclude>
    <ClInclude Include="..\..\..\libretro-common\include\boolean.h">
      <Filter>Headers</Filter>
    </ClInclude>
    <ClInclude Include="..\..\..\libretro-common\include\clamping.h">
      <Filter>Headers</Filter>
    </ClInclude>
    <ClInclude Include="..\..\..\libretro-common\include\filters.h">
      <Filter>Headers</Filter>
    </ClInclude>
    <ClInclude Include="..\..\..\libretro-common\include\libco.h">
      <Filter>Headers</Filter>
    </ClInclude>
    <ClInclude Include="..\..\..\libretro-common\include\memalign.h">
      <Filter>Headers</Filter>
    </ClInclude>
    <ClInclude Include="..\..\..\libretro-common\include\memmap.h">
      <Filter>Headers</Filter>
    </ClInclude>
    <ClInclude Include="..\..\..\libretro-common\include\retro_assert.h">
      <Filter>Headers</Filter>
    </ClInclude>
    <ClInclude Include="..\..\..\libretro-common\include\retro_dirent.h">
      <Filter>Headers</Filter>
    </ClInclude>
    <ClInclude Include="..\..\..\libretro-common\include\retro_endianness.h">
      <Filter>Headers</Filter>
    </ClInclude>
    <ClInclude Include="..\..\..\libretro-common\include\retro_environment.h">
      <Filter>Headers</Filter>
    </ClInclude>
    <ClInclude Include="..\..\..\libretro-common\include\retro_file.h">
      <Filter>Headers</Filter>
    </ClInclude>
    <ClInclude Include="..\..\..\libretro-common\include\retro_inline.h">
      <Filter>Headers</Filter>
    </ClInclude>
    <ClInclude Include="..\..\..\libretro-common\include\retro_log.h">
      <Filter>Headers</Filter>
    </ClInclude>
    <ClInclude Include="..\..\..\libretro-common\include\retro_miscellaneous.h">
      <Filter>Headers</Filter>
    </ClInclude>
    <ClInclude Include="..\..\..\libretro-common\include\retro_stat.h">
      <Filter>Headers</Filter>
    </ClInclude>
    <ClInclude Include="..\..\..\libretro-common\include\rhash.h">
      <Filter>Headers</Filter>
    </ClInclude>
    <ClInclude Include="..\..\..\libretro-common\include\compat\apple_compat.h">
      <Filter>Headers</Filter>
    </ClInclude>
    <ClInclude Include="..\..\..\libretro-common\include\compat\fnmatch.h">
      <Filter>Headers</Filter>
    </ClInclude>
    <ClInclude Include="..\..\..\libretro-common\include\compat\getopt.h">
      <Filter>Headers</Filter>
    </ClInclude>
    <ClInclude Include="..\..\..\libretro-common\include\compat\msvc.h">
      <Filter>Headers</Filter>
    </ClInclude>
    <ClInclude Include="..\..\..\libretro-common\include\compat\posix_string.h">
      <Filter>Headers</Filter>
    </ClInclude>
    <ClInclude Include="..\..\..\libretro-common\include\compat\strcasestr.h">
      <Filter>Headers</Filter>
    </ClInclude>
    <ClInclude Include="..\..\..\libretro-common\include\compat\strl.h">
      <Filter>Headers</Filter>
    </ClInclude>
    <ClInclude Include="..\..\..\libretro-common\include\compat\zlib.h">
      <Filter>Headers</Filter>
    </ClInclude>
    <ClInclude Include="..\..\..\libretro-common\include\compat\zutil.h">
      <Filter>Headers</Filter>
    </ClInclude>
    <ClInclude Include="..\..\..\libretro-common\include\compat\msvc\stdint.h">
      <Filter>Headers</Filter>
    </ClInclude>
    <ClInclude Include="..\..\..\libretro-common\include\dynamic\dylib.h">
      <Filter>Headers</Filter>
    </ClInclude>
    <ClInclude Include="..\..\..\libretro-common\include\file\config_file.h">
      <Filter>Headers</Filter>
    </ClInclude>
    <ClInclude Include="..\..\..\libretro-common\include\file\config_file_userdata.h">
      <Filter>Headers</Filter>
    </ClInclude>
    <ClInclude Include="..\..\..\libretro-common\include\file\dir_list.h">
      <Filter>Headers</Filter>
    </ClInclude>
    <ClInclude Include="..\..\..\libretro-common\include\file\file_extract.h">
      <Filter>Headers</Filter>
    </ClInclude>
    <ClInclude Include="..\..\..\libretro-common\include\file\file_list.h">
      <Filter>Headers</Filter>
    </ClInclude>
    <ClInclude Include="..\..\..\libretro-common\include\file\file_path.h">
      <Filter>Headers</Filter>
    </ClInclude>
    <ClInclude Include="..\..\..\libretro-common\include\file\memory_stream.h">
      <Filter>Headers</Filter>
    </ClInclude>
    <ClInclude Include="..\..\..\libretro-common\include\file\nbio.h">
      <Filter>Headers</Filter>
    </ClInclude>
    <ClInclude Include="..\..\..\libretro-common\include\formats\image.h">
      <Filter>Headers</Filter>
    </ClInclude>
    <ClInclude Include="..\..\..\libretro-common\include\formats\jsonsax.h">
      <Filter>Headers</Filter>
    </ClInclude>
    <ClInclude Include="..\..\..\libretro-common\include\formats\rbmp.h">
      <Filter>Headers</Filter>
    </ClInclude>
    <ClInclude Include="..\..\..\libretro-common\include\formats\rpng.h">
      <Filter>Headers</Filter>
    </ClInclude>
    <ClInclude Include="..\..\..\libretro-common\include\formats\rxml.h">
      <Filter>Headers</Filter>
    </ClInclude>
    <ClInclude Include="..\..\..\libretro-common\include\formats\tga.h">
      <Filter>Headers</Filter>
    </ClInclude>
    <ClInclude Include="..\..\..\libretro-common\include\gfx\math\matrix_3x3.h">
      <Filter>Headers</Filter>
    </ClInclude>
    <ClInclude Include="..\..\..\libretro-common\include\gfx\math\matrix_4x4.h">
      <Filter>Headers</Filter>
    </ClInclude>
    <ClInclude Include="..\..\..\libretro-common\include\gfx\scaler\filter.h">
      <Filter>Headers</Filter>
    </ClInclude>
    <ClInclude Include="..\..\..\libretro-common\include\gfx\scaler\pixconv.h">
      <Filter>Headers</Filter>
    </ClInclude>
    <ClInclude Include="..\..\..\libretro-common\include\gfx\scaler\scaler.h">
      <Filter>Headers</Filter>
    </ClInclude>
    <ClInclude Include="..\..\..\libretro-common\include\gfx\scaler\scaler_int.h">
      <Filter>Headers</Filter>
    </ClInclude>
    <ClInclude Include="..\..\..\libretro-common\include\glsym\glsym.h">
      <Filter>Headers</Filter>
    </ClInclude>
    <ClInclude Include="..\..\..\libretro-common\include\glsym\glsym_es2.h">
      <Filter>Headers</Filter>
    </ClInclude>
    <ClInclude Include="..\..\..\libretro-common\include\glsym\glsym_gl.h">
      <Filter>Headers</Filter>
    </ClInclude>
    <ClInclude Include="..\..\..\libretro-common\include\glsym\rglgen.h">
      <Filter>Headers</Filter>
    </ClInclude>
    <ClInclude Include="..\..\..\libretro-common\include\glsym\rglgen_headers.h">
      <Filter>Headers</Filter>
    </ClInclude>
    <ClInclude Include="..\..\..\libretro-common\include\net\net_compat.h">
      <Filter>Headers</Filter>
    </ClInclude>
    <ClInclude Include="..\..\..\libretro-common\include\net\net_http.h">
      <Filter>Headers</Filter>
    </ClInclude>
    <ClInclude Include="..\..\..\libretro-common\include\queues\fifo_buffer.h">
      <Filter>Headers</Filter>
    </ClInclude>
    <ClInclude Include="..\..\..\libretro-common\include\queues\message_queue.h">
      <Filter>Headers</Filter>
    </ClInclude>
    <ClInclude Include="..\..\..\libretro-common\include\rthreads\async_job.h">
      <Filter>Headers</Filter>
    </ClInclude>
    <ClInclude Include="..\..\..\libretro-common\include\rthreads\rsemaphore.h">
      <Filter>Headers</Filter>
    </ClInclude>
    <ClInclude Include="..\..\..\libretro-common\include\rthreads\rthreads.h">
      <Filter>Headers</Filter>
    </ClInclude>
    <ClInclude Include="..\..\..\libretro-common\include\string\stdstring.h">
      <Filter>Headers</Filter>
    </ClInclude>
    <ClInclude Include="..\..\..\libretro-common\include\string\string_list.h">
      <Filter>Headers</Filter>
    </ClInclude>
    <ClInclude Include="..\..\..\libretro-common\rthreads\gx_pthread.h">
      <Filter>Headers</Filter>
    </ClInclude>
    <ClInclude Include="..\..\..\libretro-common\rthreads\psp_pthread.h">
      <Filter>Headers</Filter>
    </ClInclude>
    <ClInclude Include="..\..\..\libretro-db\bintree.h">
      <Filter>Headers</Filter>
    </ClInclude>
    <ClInclude Include="..\..\..\libretro-db\lexer.h">
      <Filter>Headers</Filter>
    </ClInclude>
    <ClInclude Include="..\..\..\libretro-db\libretrodb.h">
      <Filter>Headers</Filter>
    </ClInclude>
    <ClInclude Include="..\..\..\libretro-db\lua_common.h">
      <Filter>Headers</Filter>
    </ClInclude>
    <ClInclude Include="..\..\..\libretro-db\parser.h">
      <Filter>Headers</Filter>
    </ClInclude>
    <ClInclude Include="..\..\..\libretro-db\query.h">
      <Filter>Headers</Filter>
    </ClInclude>
    <ClInclude Include="..\..\..\libretro-db\rmsgpack.h">
      <Filter>Headers</Filter>
    </ClInclude>
    <ClInclude Include="..\..\..\libretro-db\rmsgpack_dom.h">
      <Filter>Headers</Filter>
    </ClInclude>
    <ClInclude Include="..\..\..\location\location_driver.h">
      <Filter>Headers</Filter>
    </ClInclude>
    <ClInclude Include="..\..\..\memory\ngc\ssaram.h">
      <Filter>Headers</Filter>
    </ClInclude>
    <ClInclude Include="..\..\..\memory\wii\mem2_manager.h">
      <Filter>Headers</Filter>
    </ClInclude>
    <ClInclude Include="..\..\..\menu\menu.h">
      <Filter>Headers</Filter>
    </ClInclude>
    <ClInclude Include="..\..\..\menu\menu_animation.h">
      <Filter>Headers</Filter>
    </ClInclude>
    <ClInclude Include="..\..\..\menu\menu_cbs.h">
      <Filter>Headers</Filter>
    </ClInclude>
    <ClInclude Include="..\..\..\menu\menu_display.h">
      <Filter>Headers</Filter>
    </ClInclude>
    <ClInclude Include="..\..\..\menu\menu_displaylist.h">
      <Filter>Headers</Filter>
    </ClInclude>
    <ClInclude Include="..\..\..\menu\menu_driver.h">
      <Filter>Headers</Filter>
    </ClInclude>
  </ItemGroup>
  <ItemGroup>
    <Image Include="Assets\LockScreenLogo.scale-200.png">
      <Filter>Assets</Filter>
    </Image>
    <Image Include="Assets\SplashScreen.scale-200.png">
      <Filter>Assets</Filter>
    </Image>
    <Image Include="Assets\Square150x150Logo.scale-200.png">
      <Filter>Assets</Filter>
    </Image>
    <Image Include="Assets\Square44x44Logo.scale-200.png">
      <Filter>Assets</Filter>
    </Image>
    <Image Include="Assets\Square44x44Logo.targetsize-24_altform-unplated.png">
      <Filter>Assets</Filter>
    </Image>
    <Image Include="Assets\StoreLogo.png">
      <Filter>Assets</Filter>
    </Image>
    <Image Include="Assets\Wide310x150Logo.scale-200.png">
      <Filter>Assets</Filter>
    </Image>
  </ItemGroup>
  <ItemGroup>
    <AppxManifest Include="Package.appxmanifest" />
  </ItemGroup>
  <ItemGroup>
    <None Include="RetroArch-Win10_TemporaryKey.pfx" />
    <None Include="..\..\..\emscripten\template.html">
      <Filter>Headers</Filter>
    </None>
    <None Include="..\..\..\emscripten\template2.html">
      <Filter>Headers</Filter>
    </None>
  </ItemGroup>
  <ItemGroup>
    <Page Include="MainPage.xaml" />
  </ItemGroup>
</Project>