<?xml version="1.0" encoding="utf-8"?>
<Project ToolsVersion="14.0" xmlns="http://schemas.microsoft.com/developer/msbuild/2003">
  <ItemGroup>
    <Filter Include="Assets">
      <UniqueIdentifier>aa198d77-2e6f-4cb1-ba50-78b223cdae66</UniqueIdentifier>
      <Extensions>bmp;fbx;gif;jpg;jpeg;tga;tiff;tif;png</Extensions>
    </Filter>
    <Filter Include="Source">
      <UniqueIdentifier>{5f80606f-d377-4a66-bba7-819b722166a8}</UniqueIdentifier>
    </Filter>
    <Filter Include="Source\frontend">
      <UniqueIdentifier>{5f29d083-29f6-4713-b672-9d33c4dce557}</UniqueIdentifier>
    </Filter>
    <Filter Include="Source\frontend\drivers">
      <UniqueIdentifier>{b651b962-126d-4412-b497-6f2d1b940620}</UniqueIdentifier>
    </Filter>
    <Filter Include="Source\libretro-common">
      <UniqueIdentifier>{c04a9276-cc3d-4c9c-9aab-ef85d227c54a}</UniqueIdentifier>
    </Filter>
    <Filter Include="Source\libretro-common\file">
      <UniqueIdentifier>{d75a2e1f-8a09-48c2-8b7c-0c08b8af6228}</UniqueIdentifier>
    </Filter>
    <Filter Include="Source\libretro-common\compat">
      <UniqueIdentifier>{bc8a2013-7394-43db-bd7c-8af1b81c4f5c}</UniqueIdentifier>
    </Filter>
    <Filter Include="Source\libretro-common\rthreads">
      <UniqueIdentifier>{f3ab6e50-1df2-4e83-bac7-4b66ad99646d}</UniqueIdentifier>
    </Filter>
    <Filter Include="Source\input">
      <UniqueIdentifier>{cfc87d19-6521-4620-841b-a12eb01faf9b}</UniqueIdentifier>
    </Filter>
    <Filter Include="Source\gfx">
      <UniqueIdentifier>{0de2280d-0f84-45e9-bed2-b346a1977f3c}</UniqueIdentifier>
    </Filter>
    <Filter Include="Source\audio">
      <UniqueIdentifier>{bd32329f-dae0-465a-9843-3ba9772b92a7}</UniqueIdentifier>
    </Filter>
    <Filter Include="Source\audio\drivers">
      <UniqueIdentifier>{685f7290-6b2b-454c-a6be-60d0991cf301}</UniqueIdentifier>
    </Filter>
    <Filter Include="Source\libretro-common\string">
      <UniqueIdentifier>{f83a30ec-fe6c-4c40-bd65-9876d01177f7}</UniqueIdentifier>
    </Filter>
    <Filter Include="Source\audio\drivers_resampler">
      <UniqueIdentifier>{99f75a31-15d7-4ebe-a108-e8fed311dd16}</UniqueIdentifier>
    </Filter>
    <Filter Include="Source\libretro-common\memmap">
      <UniqueIdentifier>{d2161772-1bf2-4622-a2f3-c0acf6d3b852}</UniqueIdentifier>
    </Filter>
    <Filter Include="Source\record">
      <UniqueIdentifier>{55cf2847-7f83-48cd-969b-9612ec2ce0dc}</UniqueIdentifier>
    </Filter>
    <Filter Include="Source\record\drivers">
      <UniqueIdentifier>{52a6be35-0314-4ca1-bd69-8371cd703a03}</UniqueIdentifier>
    </Filter>
    <Filter Include="Source\deps">
      <UniqueIdentifier>{84d00740-a27a-4680-8d64-ae19e67612a6}</UniqueIdentifier>
    </Filter>
    <Filter Include="Source\deps\zlib">
      <UniqueIdentifier>{162a3435-01b9-4ec3-81fc-4e1814e134c4}</UniqueIdentifier>
    </Filter>
    <Filter Include="Source\camera">
      <UniqueIdentifier>{1d9a5c91-5e37-4240-918a-f448dd8e5e11}</UniqueIdentifier>
    </Filter>
    <Filter Include="Source\camera\drivers">
      <UniqueIdentifier>{31e10d7d-45a6-46bc-9533-5a5f432ce0d0}</UniqueIdentifier>
    </Filter>
    <Filter Include="Source\location">
      <UniqueIdentifier>{9292badd-94ea-4c48-9bab-129d2fac212b}</UniqueIdentifier>
    </Filter>
    <Filter Include="Source\location\drivers">
      <UniqueIdentifier>{0b698d7a-56f4-4f93-b2fa-4e2d67656421}</UniqueIdentifier>
    </Filter>
    <Filter Include="Source\cores">
      <UniqueIdentifier>{d1116d31-a9e7-419b-9051-464cf1aea4b0}</UniqueIdentifier>
    </Filter>
    <Filter Include="Source\libretro-common\dynamic">
      <UniqueIdentifier>{bff5881d-1500-47f8-a40c-78b3e13828b1}</UniqueIdentifier>
    </Filter>
    <Filter Include="Source\libretro-common\queues">
      <UniqueIdentifier>{ca715de3-c041-48d1-b8d3-7c2c40a51bac}</UniqueIdentifier>
      <Extensions>
      </Extensions>
    </Filter>
    <Filter Include="Source\ui">
      <UniqueIdentifier>{17fe6e1e-6e4a-414d-847a-d2de777d8c42}</UniqueIdentifier>
    </Filter>
    <Filter Include="Source\ui\drivers">
      <UniqueIdentifier>{9e00fe2f-98d5-4ec6-a415-d7bc208682e7}</UniqueIdentifier>
    </Filter>
    <Filter Include="Source\input\drivers_hid">
      <UniqueIdentifier>{92f01668-f958-4ada-b750-e95a6e408e2e}</UniqueIdentifier>
    </Filter>
    <Filter Include="Source\input\drivers">
      <UniqueIdentifier>{f5978987-d797-4cc3-8f78-180612246dfc}</UniqueIdentifier>
    </Filter>
    <Filter Include="Source\input\drivers_joypad">
      <UniqueIdentifier>{3f2b553f-fc6a-406e-98cd-41211997ec71}</UniqueIdentifier>
    </Filter>
    <Filter Include="Source\intl">
      <UniqueIdentifier>{47d60bac-9714-4e53-80b1-ad00ef0eb07e}</UniqueIdentifier>
    </Filter>
    <Filter Include="Source\libretro-common\hash">
      <UniqueIdentifier>{a6c5c133-450e-4224-a60c-6cadd64f7fa6}</UniqueIdentifier>
    </Filter>
    <Filter Include="Source\tasks">
      <UniqueIdentifier>{1ad2313a-adbf-46bf-adaf-e6d9b37541f3}</UniqueIdentifier>
    </Filter>
    <Filter Include="Source\libretro-common\file\nbio">
      <UniqueIdentifier>{6b9655eb-0100-4d0c-9658-0f2e80717c0f}</UniqueIdentifier>
    </Filter>
    <Filter Include="Source\libretro-common\formats">
      <UniqueIdentifier>{b4811a71-0746-4eca-9675-6c047e81de85}</UniqueIdentifier>
    </Filter>
    <Filter Include="Source\libretro-common\formats\bmp">
      <UniqueIdentifier>{e0b00ce4-412f-40d8-bf31-96aff3ef43d3}</UniqueIdentifier>
    </Filter>
    <Filter Include="Source\gfx\drivers">
      <UniqueIdentifier>{74b8f916-0516-479a-8bc0-9dc1b25f1245}</UniqueIdentifier>
    </Filter>
    <Filter Include="Source\gfx\drivers_context">
      <UniqueIdentifier>{8344d34a-3c67-47a9-a0ee-30f0b2f9c010}</UniqueIdentifier>
    </Filter>
    <Filter Include="Source\menu">
      <UniqueIdentifier>{dfd3d7b9-50f0-4c5f-a440-8ad2280ba530}</UniqueIdentifier>
    </Filter>
    <Filter Include="Source\menu\drivers">
      <UniqueIdentifier>{09f6253b-1c01-4ddb-b505-19f641c841da}</UniqueIdentifier>
    </Filter>
    <Filter Include="Source\menu\drivers_display">
      <UniqueIdentifier>{b75ae7cb-9363-450e-a0b7-5d7ac9400794}</UniqueIdentifier>
    </Filter>
    <Filter Include="Source\menu\intl">
      <UniqueIdentifier>{b2213421-3319-491a-a9d2-45f577492f5b}</UniqueIdentifier>
    </Filter>
    <Filter Include="Source\gfx\image">
      <UniqueIdentifier>{a2a7beeb-d4e6-4be6-84f6-a000f24ca712}</UniqueIdentifier>
    </Filter>
    <Filter Include="Source\libretro-common\gfx">
      <UniqueIdentifier>{1e65d1b7-37e7-4ba1-9285-b4963997b243}</UniqueIdentifier>
    </Filter>
    <Filter Include="Source\libretro-common\gfx\scaler">
      <UniqueIdentifier>{27bd9df8-e8d1-405d-b5e0-a85e73a0e875}</UniqueIdentifier>
    </Filter>
    <Filter Include="Source\libretro-common\gfx\math">
      <UniqueIdentifier>{ca73f0f7-8350-4e62-b809-0527f17f6474}</UniqueIdentifier>
    </Filter>
    <Filter Include="Source\libretro-common\formats\tga">
      <UniqueIdentifier>{b5708757-ffbf-493f-b9c3-420e9f09b7ad}</UniqueIdentifier>
    </Filter>
    <Filter Include="Source\menu\cbs">
      <UniqueIdentifier>{c2d5a92b-48ce-446b-a884-9c9231a94900}</UniqueIdentifier>
    </Filter>
    <Filter Include="Source\gfx\common">
      <UniqueIdentifier>{26a3b504-d80a-46f4-b5e1-6b14f120f736}</UniqueIdentifier>
    </Filter>
    <Filter Include="Source\ui\drivers\uwp">
      <UniqueIdentifier>{f0954e4c-754b-4446-9d60-b0aea8d5d427}</UniqueIdentifier>
    </Filter>
    <Filter Include="Source\gfx\d3d">
      <UniqueIdentifier>{9d5293e1-d4b2-4335-a0a8-aaf119906aee}</UniqueIdentifier>
    </Filter>
    <Filter Include="Source\gfx\drivers_shader">
      <UniqueIdentifier>{d40ff274-f6ee-4e1c-9657-afdc6a70e030}</UniqueIdentifier>
    </Filter>
  </ItemGroup>
  <ItemGroup>
    <ClCompile Include="..\..\..\frontend\frontend.c">
      <Filter>Source\frontend</Filter>
    </ClCompile>
    <ClCompile Include="..\..\..\frontend\frontend_driver.c">
      <Filter>Source\frontend</Filter>
    </ClCompile>
    <ClCompile Include="..\..\..\frontend\drivers\platform_null.c">
      <Filter>Source\frontend\drivers</Filter>
    </ClCompile>
    <ClCompile Include="..\..\..\libretro-common\file\file_path.c">
      <Filter>Source\libretro-common\file</Filter>
    </ClCompile>
    <ClCompile Include="..\..\..\libretro-common\compat\compat_strl.c">
      <Filter>Source\libretro-common\compat</Filter>
    </ClCompile>
    <ClCompile Include="..\..\..\libretro-common\compat\compat_fnmatch.c">
      <Filter>Source\libretro-common\compat</Filter>
    </ClCompile>
    <ClCompile Include="..\..\..\libretro-common\compat\compat_getopt.c">
      <Filter>Source\libretro-common\compat</Filter>
    </ClCompile>
    <ClCompile Include="..\..\..\libretro-common\compat\compat_posix_string.c">
      <Filter>Source\libretro-common\compat</Filter>
    </ClCompile>
    <ClCompile Include="..\..\..\libretro-common\compat\compat_strcasestr.c">
      <Filter>Source\libretro-common\compat</Filter>
    </ClCompile>
    <ClCompile Include="..\..\..\libretro-common\rthreads\async_job.c">
      <Filter>Source\libretro-common\rthreads</Filter>
    </ClCompile>
    <ClCompile Include="..\..\..\libretro-common\file\retro_stat.c">
      <Filter>Source\libretro-common\file</Filter>
    </ClCompile>
    <ClCompile Include="..\..\..\runloop.c">
      <Filter>Source</Filter>
    </ClCompile>
    <ClCompile Include="..\..\..\libretro-common\rthreads\rthreads.c">
      <Filter>Source\libretro-common\rthreads</Filter>
    </ClCompile>
    <ClCompile Include="..\..\..\libretro-common\rthreads\rsemaphore.c">
      <Filter>Source\libretro-common\rthreads</Filter>
    </ClCompile>
    <ClCompile Include="..\..\..\command_event.c">
      <Filter>Source</Filter>
    </ClCompile>
    <ClCompile Include="..\..\..\input\input_common.c">
      <Filter>Source\input</Filter>
    </ClCompile>
    <ClCompile Include="..\..\..\input\input_overlay.c">
      <Filter>Source\input</Filter>
    </ClCompile>
    <ClCompile Include="..\..\..\input\input_driver.c">
      <Filter>Source\input</Filter>
    </ClCompile>
    <ClCompile Include="..\..\..\gfx\video_common.c">
      <Filter>Source\gfx</Filter>
    </ClCompile>
    <ClCompile Include="..\..\..\gfx\video_context_driver.c">
      <Filter>Source\gfx</Filter>
    </ClCompile>
    <ClCompile Include="..\..\..\gfx\video_driver.c">
      <Filter>Source\gfx</Filter>
    </ClCompile>
    <ClCompile Include="..\..\..\audio\audio_driver.c">
      <Filter>Source\audio</Filter>
    </ClCompile>
    <ClCompile Include="..\..\..\audio\drivers\xaudio.cpp">
      <Filter>Source\audio\drivers</Filter>
    </ClCompile>
    <ClCompile Include="..\..\..\audio\drivers\nullaudio.c">
      <Filter>Source\audio\drivers</Filter>
    </ClCompile>
    <ClCompile Include="..\..\..\audio\audio_utils.c">
      <Filter>Source\audio</Filter>
    </ClCompile>
    <ClCompile Include="..\..\..\audio\audio_dsp_filter.c">
      <Filter>Source\audio</Filter>
    </ClCompile>
    <ClCompile Include="..\..\..\audio\audio_resampler_driver.c">
      <Filter>Source\audio</Filter>
    </ClCompile>
    <ClCompile Include="..\..\..\driver.c">
      <Filter>Source</Filter>
    </ClCompile>
    <ClCompile Include="..\..\..\audio\audio_thread_wrapper.c">
      <Filter>Source\audio</Filter>
    </ClCompile>
    <ClCompile Include="..\..\..\configuration.c">
      <Filter>Source</Filter>
    </ClCompile>
    <ClCompile Include="..\..\..\performance.c">
      <Filter>Source</Filter>
    </ClCompile>
    <ClCompile Include="..\..\..\string_list_special.c">
      <Filter>Source</Filter>
    </ClCompile>
    <ClCompile Include="..\..\..\libretro-common\file\config_file.c">
      <Filter>Source\libretro-common\file</Filter>
    </ClCompile>
    <ClCompile Include="..\..\..\libretro-common\file\config_file_userdata.c">
      <Filter>Source\libretro-common\file</Filter>
    </ClCompile>
    <ClCompile Include="..\..\..\libretro-common\string\string_list.c">
      <Filter>Source\libretro-common\string</Filter>
    </ClCompile>
    <ClCompile Include="..\..\..\audio\drivers_resampler\sinc.c">
      <Filter>Source\audio\drivers_resampler</Filter>
    </ClCompile>
    <ClCompile Include="..\..\..\libretro-common\memmap\memmap.c">
      <Filter>Source\libretro-common\memmap</Filter>
    </ClCompile>
    <ClCompile Include="..\..\..\audio\drivers_resampler\cc_resampler.c">
      <Filter>Source\audio\drivers_resampler</Filter>
    </ClCompile>
    <ClCompile Include="..\..\..\audio\drivers_resampler\nearest.c">
      <Filter>Source\audio\drivers_resampler</Filter>
    </ClCompile>
    <ClCompile Include="..\..\..\libretro-common\memmap\memalign.c">
      <Filter>Source\libretro-common\memmap</Filter>
    </ClCompile>
    <ClCompile Include="..\..\..\record\record_driver.c">
      <Filter>Source\record</Filter>
    </ClCompile>
    <ClCompile Include="..\..\..\record\drivers\record_null.c">
      <Filter>Source\record\drivers</Filter>
    </ClCompile>
    <ClCompile Include="..\..\..\libretro_version_1.c">
      <Filter>Source</Filter>
    </ClCompile>
    <ClCompile Include="..\..\..\playlist.c">
      <Filter>Source</Filter>
    </ClCompile>
    <ClCompile Include="..\..\..\core_info.c">
      <Filter>Source</Filter>
    </ClCompile>
    <ClCompile Include="..\..\..\rewind.c">
      <Filter>Source</Filter>
    </ClCompile>
    <ClCompile Include="..\..\..\autosave.c">
      <Filter>Source</Filter>
    </ClCompile>
    <ClCompile Include="..\..\..\movie.c">
      <Filter>Source</Filter>
    </ClCompile>
    <ClCompile Include="..\..\..\cheats.c">
      <Filter>Source</Filter>
    </ClCompile>
    <ClCompile Include="..\..\..\runloop_msg.c">
      <Filter>Source</Filter>
    </ClCompile>
    <ClCompile Include="..\..\..\runloop_data.c">
      <Filter>Source</Filter>
    </ClCompile>
    <ClCompile Include="..\..\..\dynamic.c">
      <Filter>Source</Filter>
    </ClCompile>
    <ClCompile Include="..\..\..\system.c">
      <Filter>Source</Filter>
    </ClCompile>
    <ClCompile Include="..\..\..\content.c">
      <Filter>Source</Filter>
    </ClCompile>
    <ClCompile Include="..\..\..\screenshot.c">
      <Filter>Source</Filter>
    </ClCompile>
    <ClCompile Include="..\..\..\msg_hash.c">
      <Filter>Source</Filter>
    </ClCompile>
    <ClCompile Include="..\..\..\retroarch.c">
      <Filter>Source</Filter>
    </ClCompile>
    <ClCompile Include="..\..\..\libretro-common\file\dir_list.c">
      <Filter>Source\libretro-common\file</Filter>
    </ClCompile>
    <ClCompile Include="..\..\..\dir_list_special.c">
      <Filter>Source</Filter>
    </ClCompile>
    <ClCompile Include="..\..\..\input\input_remapping.c">
      <Filter>Source\input</Filter>
    </ClCompile>
    <ClCompile Include="..\..\..\file_path_special.c">
      <Filter>Source</Filter>
    </ClCompile>
    <ClCompile Include="..\..\..\file_ops.c">
      <Filter>Source</Filter>
    </ClCompile>
    <ClCompile Include="..\..\..\input\input_keymaps.c">
      <Filter>Source\input</Filter>
    </ClCompile>
    <ClCompile Include="..\..\..\libretro-common\file\file_extract.c">
      <Filter>Source\libretro-common\file</Filter>
    </ClCompile>
    <ClCompile Include="..\..\..\deps\zlib\deflate.c">
      <Filter>Source\deps\zlib</Filter>
    </ClCompile>
    <ClCompile Include="..\..\..\deps\zlib\gzclose.c">
      <Filter>Source\deps\zlib</Filter>
    </ClCompile>
    <ClCompile Include="..\..\..\deps\zlib\gzlib.c">
      <Filter>Source\deps\zlib</Filter>
    </ClCompile>
    <ClCompile Include="..\..\..\deps\zlib\gzread.c">
      <Filter>Source\deps\zlib</Filter>
    </ClCompile>
    <ClCompile Include="..\..\..\deps\zlib\gzwrite.c">
      <Filter>Source\deps\zlib</Filter>
    </ClCompile>
    <ClCompile Include="..\..\..\deps\zlib\infback.c">
      <Filter>Source\deps\zlib</Filter>
    </ClCompile>
    <ClCompile Include="..\..\..\deps\zlib\inffast.c">
      <Filter>Source\deps\zlib</Filter>
    </ClCompile>
    <ClCompile Include="..\..\..\deps\zlib\inflate.c">
      <Filter>Source\deps\zlib</Filter>
    </ClCompile>
    <ClCompile Include="..\..\..\deps\zlib\inftrees.c">
      <Filter>Source\deps\zlib</Filter>
    </ClCompile>
    <ClCompile Include="..\..\..\deps\zlib\ioapi.c">
      <Filter>Source\deps\zlib</Filter>
    </ClCompile>
    <ClCompile Include="..\..\..\deps\zlib\trees.c">
      <Filter>Source\deps\zlib</Filter>
    </ClCompile>
    <ClCompile Include="..\..\..\deps\zlib\uncompr.c">
      <Filter>Source\deps\zlib</Filter>
    </ClCompile>
    <ClCompile Include="..\..\..\deps\zlib\unzip.c">
      <Filter>Source\deps\zlib</Filter>
    </ClCompile>
    <ClCompile Include="..\..\..\deps\zlib\zutil.c">
      <Filter>Source\deps\zlib</Filter>
    </ClCompile>
    <ClCompile Include="..\..\..\deps\zlib\adler32.c">
      <Filter>Source\deps\zlib</Filter>
    </ClCompile>
    <ClCompile Include="..\..\..\deps\zlib\compress.c">
      <Filter>Source\deps\zlib</Filter>
    </ClCompile>
    <ClCompile Include="..\..\..\deps\zlib\crc32.c">
      <Filter>Source\deps\zlib</Filter>
    </ClCompile>
    <ClCompile Include="..\..\..\libretro-common\file\retro_file.c">
      <Filter>Source\libretro-common\file</Filter>
    </ClCompile>
    <ClCompile Include="..\..\..\patch.c">
      <Filter>Source</Filter>
    </ClCompile>
    <ClCompile Include="..\..\..\input\input_joypad_driver.c">
      <Filter>Source\input</Filter>
    </ClCompile>
    <ClCompile Include="..\..\..\camera\camera_driver.c">
      <Filter>Source\camera</Filter>
    </ClCompile>
    <ClCompile Include="..\..\..\camera\drivers\nullcamera.c">
      <Filter>Source\camera\drivers</Filter>
    </ClCompile>
    <ClCompile Include="..\..\..\location\location_driver.c">
      <Filter>Source\location</Filter>
    </ClCompile>
    <ClCompile Include="..\..\..\location\drivers\nulllocation.c">
      <Filter>Source\location\drivers</Filter>
    </ClCompile>
    <ClCompile Include="..\..\..\cores\dynamic_dummy.c">
      <Filter>Source\cores</Filter>
    </ClCompile>
    <ClCompile Include="..\..\..\cores\image_core.c">
      <Filter>Source\cores</Filter>
    </ClCompile>
    <ClCompile Include="..\..\..\core_options.c">
      <Filter>Source</Filter>
    </ClCompile>
    <ClCompile Include="..\..\..\libretro-common\dynamic\dylib.c">
      <Filter>Source\libretro-common\dynamic</Filter>
    </ClCompile>
    <ClCompile Include="..\..\..\input\input_sensor.c">
      <Filter>Source\input</Filter>
    </ClCompile>
    <ClCompile Include="..\..\..\ui\ui_companion_driver.c">
      <Filter>Source\ui</Filter>
    </ClCompile>
    <ClCompile Include="..\..\..\ui\drivers\ui_null.c">
      <Filter>Source\ui\drivers</Filter>
    </ClCompile>
    <ClCompile Include="..\..\..\libretro-common\file\retro_dirent.c">
      <Filter>Source\libretro-common\file</Filter>
    </ClCompile>
    <ClCompile Include="..\..\..\input\input_hid_driver.c">
      <Filter>Source\input</Filter>
    </ClCompile>
    <ClCompile Include="..\..\..\input\drivers_hid\null_hid.c">
      <Filter>Source\input\drivers_hid</Filter>
    </ClCompile>
    <ClCompile Include="..\..\..\input\drivers\nullinput.c">
      <Filter>Source\input\drivers</Filter>
    </ClCompile>
    <ClCompile Include="..\..\..\input\drivers_joypad\hid_joypad.c">
      <Filter>Source\input\drivers_joypad</Filter>
    </ClCompile>
    <ClCompile Include="..\..\..\input\drivers_joypad\null_joypad.c">
      <Filter>Source\input\drivers_joypad</Filter>
    </ClCompile>
    <ClCompile Include="..\..\..\input\drivers_joypad\xinput_joypad.c">
      <Filter>Source\input\drivers_joypad</Filter>
    </ClCompile>
    <ClCompile Include="..\..\..\input\input_autodetect.c">
      <Filter>Source\input</Filter>
    </ClCompile>
    <ClCompile Include="..\..\..\intl\msg_hash_de.c">
      <Filter>Source\intl</Filter>
    </ClCompile>
    <ClCompile Include="..\..\..\intl\msg_hash_eo.c">
      <Filter>Source\intl</Filter>
    </ClCompile>
    <ClCompile Include="..\..\..\intl\msg_hash_es.c">
      <Filter>Source\intl</Filter>
    </ClCompile>
    <ClCompile Include="..\..\..\intl\msg_hash_fr.c">
      <Filter>Source\intl</Filter>
    </ClCompile>
    <ClCompile Include="..\..\..\intl\msg_hash_it.c">
      <Filter>Source\intl</Filter>
    </ClCompile>
    <ClCompile Include="..\..\..\intl\msg_hash_nl.c">
      <Filter>Source\intl</Filter>
    </ClCompile>
    <ClCompile Include="..\..\..\intl\msg_hash_pl.c">
      <Filter>Source\intl</Filter>
    </ClCompile>
    <ClCompile Include="..\..\..\intl\msg_hash_pt.c">
      <Filter>Source\intl</Filter>
    </ClCompile>
    <ClCompile Include="..\..\..\intl\msg_hash_us.c">
      <Filter>Source\intl</Filter>
    </ClCompile>
    <ClCompile Include="..\..\..\libretro-common\hash\rhash.c">
      <Filter>Source\libretro-common\hash</Filter>
    </ClCompile>
    <ClCompile Include="..\..\..\libretro-common\queues\fifo_buffer.c">
      <Filter>Source\libretro-common\queues</Filter>
    </ClCompile>
    <ClCompile Include="..\..\..\libretro-common\queues\message_queue.c">
      <Filter>Source\libretro-common\queues</Filter>
    </ClCompile>
    <ClCompile Include="..\..\..\tasks\task_overlay.c">
      <Filter>Source\tasks</Filter>
    </ClCompile>
    <ClCompile Include="..\..\..\tasks\task_file_transfer.c">
      <Filter>Source\tasks</Filter>
    </ClCompile>
    <ClCompile Include="..\..\..\libretro-common\file\nbio\nbio_stdio.c">
      <Filter>Source\libretro-common\file\nbio</Filter>
    </ClCompile>
    <ClCompile Include="..\..\..\retroarch_info.c">
      <Filter>Source</Filter>
    </ClCompile>
    <ClCompile Include="..\..\..\libretro-common\formats\bmp\rbmp_encode.c">
      <Filter>Source\libretro-common\formats\bmp</Filter>
    </ClCompile>
    <ClCompile Include="..\..\..\gfx\drivers\nullgfx.c">
      <Filter>Source\gfx\drivers</Filter>
    </ClCompile>
    <ClCompile Include="..\..\..\gfx\drivers_context\gfx_null_ctx.c">
      <Filter>Source\gfx\drivers_context</Filter>
    </ClCompile>
    <ClCompile Include="..\..\..\frontend\drivers\platform_win32.c">
      <Filter>Source\frontend\drivers</Filter>
    </ClCompile>
    <ClCompile Include="..\..\..\verbosity.c">
      <Filter>Source</Filter>
    </ClCompile>
    <ClCompile Include="..\..\..\menu\menu_driver.c">
      <Filter>Source\menu</Filter>
    </ClCompile>
    <ClCompile Include="..\..\..\menu\menu_display.c">
      <Filter>Source\menu</Filter>
    </ClCompile>
    <ClCompile Include="..\..\..\menu\menu_entries.c">
      <Filter>Source\menu</Filter>
    </ClCompile>
    <ClCompile Include="..\..\..\menu\menu_entry.c">
      <Filter>Source\menu</Filter>
    </ClCompile>
    <ClCompile Include="..\..\..\menu\menu_hash.c">
      <Filter>Source\menu</Filter>
    </ClCompile>
    <ClCompile Include="..\..\..\menu\menu_input.c">
      <Filter>Source\menu</Filter>
    </ClCompile>
    <ClCompile Include="..\..\..\menu\menu_navigation.c">
      <Filter>Source\menu</Filter>
    </ClCompile>
    <ClCompile Include="..\..\..\menu\menu_setting.c">
      <Filter>Source\menu</Filter>
    </ClCompile>
    <ClCompile Include="..\..\..\menu\menu_shader.c">
      <Filter>Source\menu</Filter>
    </ClCompile>
    <ClCompile Include="..\..\..\menu\menu.c">
      <Filter>Source\menu</Filter>
    </ClCompile>
    <ClCompile Include="..\..\..\menu\menu_animation.c">
      <Filter>Source\menu</Filter>
    </ClCompile>
    <ClCompile Include="..\..\..\menu\intl\menu_hash_de.c">
      <Filter>Source\menu\intl</Filter>
    </ClCompile>
    <ClCompile Include="..\..\..\menu\intl\menu_hash_eo.c">
      <Filter>Source\menu\intl</Filter>
    </ClCompile>
    <ClCompile Include="..\..\..\menu\intl\menu_hash_es.c">
      <Filter>Source\menu\intl</Filter>
    </ClCompile>
    <ClCompile Include="..\..\..\menu\intl\menu_hash_fr.c">
      <Filter>Source\menu\intl</Filter>
    </ClCompile>
    <ClCompile Include="..\..\..\menu\intl\menu_hash_it.c">
      <Filter>Source\menu\intl</Filter>
    </ClCompile>
    <ClCompile Include="..\..\..\menu\intl\menu_hash_nl.c">
      <Filter>Source\menu\intl</Filter>
    </ClCompile>
    <ClCompile Include="..\..\..\menu\intl\menu_hash_pl.c">
      <Filter>Source\menu\intl</Filter>
    </ClCompile>
    <ClCompile Include="..\..\..\menu\intl\menu_hash_pt.c">
      <Filter>Source\menu\intl</Filter>
    </ClCompile>
    <ClCompile Include="..\..\..\menu\intl\menu_hash_us.c">
      <Filter>Source\menu\intl</Filter>
    </ClCompile>
    <ClCompile Include="..\..\..\input\keyboard_line.c">
      <Filter>Source\input</Filter>
    </ClCompile>
    <ClCompile Include="..\..\..\libretro-common\file\file_list.c">
      <Filter>Source\libretro-common\file</Filter>
    </ClCompile>
    <ClCompile Include="..\..\..\libretro-common\file\memory_stream.c">
      <Filter>Source\libretro-common\file</Filter>
    </ClCompile>
    <ClCompile Include="..\..\..\menu\drivers\rgui.c">
      <Filter>Source\menu\drivers</Filter>
    </ClCompile>
    <ClCompile Include="..\..\..\menu\drivers\menu_generic.c">
      <Filter>Source\menu\drivers</Filter>
    </ClCompile>
    <ClCompile Include="..\..\..\menu\drivers\null.c">
      <Filter>Source\menu\drivers</Filter>
    </ClCompile>
    <ClCompile Include="..\..\..\menu\drivers\materialui.c">
      <Filter>Source\menu\drivers</Filter>
    </ClCompile>
    <ClCompile Include="..\..\..\input\input_joypad.c">
      <Filter>Source\input</Filter>
    </ClCompile>
    <ClCompile Include="..\..\..\menu\menu_displaylist.c">
      <Filter>Source\menu</Filter>
    </ClCompile>
    <ClCompile Include="..\..\..\tasks\tasks.c">
      <Filter>Source\tasks</Filter>
    </ClCompile>
    <ClCompile Include="..\..\..\gfx\video_thread_wrapper.c">
      <Filter>Source\gfx</Filter>
    </ClCompile>
    <ClCompile Include="..\..\..\gfx\image\image.c">
      <Filter>Source\gfx\image</Filter>
    </ClCompile>
    <ClCompile Include="..\..\..\libretro-common\gfx\math\matrix_4x4.c">
      <Filter>Source\libretro-common\gfx\math</Filter>
    </ClCompile>
    <ClCompile Include="..\..\..\libretro-common\gfx\math\matrix_3x3.c">
      <Filter>Source\libretro-common\gfx\math</Filter>
    </ClCompile>
    <ClCompile Include="..\..\..\libretro-common\gfx\scaler\pixconv.c">
      <Filter>Source\libretro-common\gfx\scaler</Filter>
    </ClCompile>
    <ClCompile Include="..\..\..\libretro-common\gfx\scaler\scaler.c">
      <Filter>Source\libretro-common\gfx\scaler</Filter>
    </ClCompile>
    <ClCompile Include="..\..\..\libretro-common\gfx\scaler\scaler_filter.c">
      <Filter>Source\libretro-common\gfx\scaler</Filter>
    </ClCompile>
    <ClCompile Include="..\..\..\libretro-common\gfx\scaler\scaler_int.c">
      <Filter>Source\libretro-common\gfx\scaler</Filter>
    </ClCompile>
    <ClCompile Include="..\..\..\gfx\video_filter.c">
      <Filter>Source\gfx</Filter>
    </ClCompile>
    <ClCompile Include="..\..\..\libretro-common\formats\tga\rtga.c">
      <Filter>Source\libretro-common\formats\tga</Filter>
    </ClCompile>
    <ClCompile Include="..\..\..\libretro-common\string\stdstring.c">
      <Filter>Source\libretro-common\string</Filter>
    </ClCompile>
    <ClCompile Include="..\..\..\menu\drivers_display\menu_display_null.c">
      <Filter>Source\menu\drivers_display</Filter>
    </ClCompile>
    <ClCompile Include="..\..\..\menu\cbs\menu_cbs_cancel.c">
      <Filter>Source\menu\cbs</Filter>
    </ClCompile>
    <ClCompile Include="..\..\..\menu\cbs\menu_cbs_contentlist_switch.c">
      <Filter>Source\menu\cbs</Filter>
    </ClCompile>
    <ClCompile Include="..\..\..\menu\cbs\menu_cbs_deferred_push.c">
      <Filter>Source\menu\cbs</Filter>
    </ClCompile>
    <ClCompile Include="..\..\..\menu\cbs\menu_cbs_down.c">
      <Filter>Source\menu\cbs</Filter>
    </ClCompile>
    <ClCompile Include="..\..\..\menu\cbs\menu_cbs_get_value.c">
      <Filter>Source\menu\cbs</Filter>
    </ClCompile>
    <ClCompile Include="..\..\..\menu\cbs\menu_cbs_info.c">
      <Filter>Source\menu\cbs</Filter>
    </ClCompile>
    <ClCompile Include="..\..\..\menu\cbs\menu_cbs_left.c">
      <Filter>Source\menu\cbs</Filter>
    </ClCompile>
    <ClCompile Include="..\..\..\menu\cbs\menu_cbs_ok.c">
      <Filter>Source\menu\cbs</Filter>
    </ClCompile>
    <ClCompile Include="..\..\..\menu\cbs\menu_cbs_refresh.c">
      <Filter>Source\menu\cbs</Filter>
    </ClCompile>
    <ClCompile Include="..\..\..\menu\cbs\menu_cbs_right.c">
      <Filter>Source\menu\cbs</Filter>
    </ClCompile>
    <ClCompile Include="..\..\..\menu\cbs\menu_cbs_scan.c">
      <Filter>Source\menu\cbs</Filter>
    </ClCompile>
    <ClCompile Include="..\..\..\menu\cbs\menu_cbs_select.c">
      <Filter>Source\menu\cbs</Filter>
    </ClCompile>
    <ClCompile Include="..\..\..\menu\cbs\menu_cbs_start.c">
      <Filter>Source\menu\cbs</Filter>
    </ClCompile>
    <ClCompile Include="..\..\..\menu\cbs\menu_cbs_title.c">
      <Filter>Source\menu\cbs</Filter>
    </ClCompile>
    <ClCompile Include="..\..\..\menu\cbs\menu_cbs_up.c">
      <Filter>Source\menu\cbs</Filter>
    </ClCompile>
    <ClCompile Include="..\..\..\menu\menu_cbs.c">
      <Filter>Source\menu</Filter>
    </ClCompile>
    <ClCompile Include="..\..\..\ui\drivers\uwp\uwp.cpp">
      <Filter>Source\ui\drivers\uwp</Filter>
    </ClCompile>
    <ClCompile Include="..\..\..\ui\drivers\ui_uwp.cpp">
      <Filter>Source\ui\drivers</Filter>
    </ClCompile>
    <ClCompile Include="..\..\..\gfx\video_shader_parse.c">
      <Filter>Source\gfx</Filter>
    </ClCompile>
    <ClCompile Include="..\..\..\gfx\video_shader_driver.c">
      <Filter>Source\gfx</Filter>
    </ClCompile>
    <ClCompile Include="..\..\..\gfx\drivers_shader\shader_null.c">
      <Filter>Source\gfx\drivers_shader</Filter>
    </ClCompile>
    <ClCompile Include="..\..\..\gfx\drivers\d3d11_gfx.cpp">
      <Filter>Source\gfx\drivers</Filter>
    </ClCompile>
    <ClCompile Include="..\..\..\gfx\drivers_context\gfx_ctx_d3d11.cpp">
      <Filter>Source\gfx\drivers_context</Filter>
    </ClCompile>
    <ClCompile Include="..\..\..\gfx\drivers_shader\shader_d3d11.c">
      <Filter>Source\gfx\drivers_shader</Filter>
    </ClCompile>
    <ClCompile Include="..\..\..\gfx\common\d3d11_common.cpp">
      <Filter>Source\gfx\common</Filter>
    </ClCompile>
  </ItemGroup>
  <ItemGroup>
    <ClInclude Include="..\..\..\ui\drivers\uwp\uwp.h">
      <Filter>Source\ui\drivers\uwp</Filter>
    </ClInclude>
    <ClInclude Include="..\..\..\gfx\common\d3d11_common.h">
      <Filter>Source\gfx\common</Filter>
    </ClInclude>
  </ItemGroup>
  <ItemGroup>
    <Image Include="Assets\LockScreenLogo.scale-200.png">
      <Filter>Assets</Filter>
    </Image>
    <Image Include="Assets\SplashScreen.scale-200.png">
      <Filter>Assets</Filter>
    </Image>
    <Image Include="Assets\Square150x150Logo.scale-200.png">
      <Filter>Assets</Filter>
    </Image>
    <Image Include="Assets\Square44x44Logo.scale-200.png">
      <Filter>Assets</Filter>
    </Image>
    <Image Include="Assets\Square44x44Logo.targetsize-24_altform-unplated.png">
      <Filter>Assets</Filter>
    </Image>
    <Image Include="Assets\StoreLogo.png">
      <Filter>Assets</Filter>
    </Image>
    <Image Include="Assets\Wide310x150Logo.scale-200.png">
      <Filter>Assets</Filter>
    </Image>
  </ItemGroup>
  <ItemGroup>
    <AppxManifest Include="Package.appxmanifest" />
  </ItemGroup>
  <ItemGroup>
    <None Include="RetroArch-Win10_TemporaryKey.pfx" />
  </ItemGroup>
</Project>